
Microsoft Visual Studio Solution File, Format Version 12.00
# Visual Studio 15
VisualStudioVersion = 15.0.26228.9
MinimumVisualStudioVersion = 10.0.40219.1
Project("{FAE04EC0-301F-11D3-BF4B-00C04F79EFBC}") = "TLSConsole", "TLSConsole\TLSConsole.csproj", "{F736EA1D-E229-4ACE-93D1-82508F499200}"
EndProject
Project("{FAE04EC0-301F-11D3-BF4B-00C04F79EFBC}") = "NumbersLibriary", "Numbers\NumbersLibriary.csproj", "{A50F655B-24D4-40CC-BD12-2BB2D23F54A9}"
EndProject
Project("{FAE04EC0-301F-11D3-BF4B-00C04F79EFBC}") = "TlsConnect.Tests", "TlsConnect.Tests\TlsConnect.Tests.csproj", "{ED8B7214-9B3D-41AD-B775-54DDAB6B27D7}"
EndProject
Project("{FAE04EC0-301F-11D3-BF4B-00C04F79EFBC}") = "DHProtocolLibriary", "DHProtocolLibriary\DHProtocolLibriary.csproj", "{D6233B76-E0D1-4A1C-A832-BAC9CCCEEBB9}"
EndProject
Project("{FAE04EC0-301F-11D3-BF4B-00C04F79EFBC}") = "KeysLibriary", "KeysLibriary\KeysLibriary.csproj", "{1A4C4C90-D6BB-4AFE-A9FF-73A989ED6AB7}"
EndProject
Project("{FAE04EC0-301F-11D3-BF4B-00C04F79EFBC}") = "TlsLibriary", "TLSManager\TlsLibriary.csproj", "{265764BC-0217-4710-B7BE-0B74CC974C33}"
EndProject
Project("{FAE04EC0-301F-11D3-BF4B-00C04F79EFBC}") = "RsaLibriary", "RsaLibriary\RsaLibriary.csproj", "{D660CB58-A8D6-462E-B6B3-1E84F1F12C38}"
EndProject
Global
	GlobalSection(SolutionConfigurationPlatforms) = preSolution
		Debug|Any CPU = Debug|Any CPU
		Release|Any CPU = Release|Any CPU
	EndGlobalSection
	GlobalSection(ProjectConfigurationPlatforms) = postSolution
		{F736EA1D-E229-4ACE-93D1-82508F499200}.Debug|Any CPU.ActiveCfg = Debug|Any CPU
		{F736EA1D-E229-4ACE-93D1-82508F499200}.Debug|Any CPU.Build.0 = Debug|Any CPU
		{F736EA1D-E229-4ACE-93D1-82508F499200}.Release|Any CPU.ActiveCfg = Release|Any CPU
		{F736EA1D-E229-4ACE-93D1-82508F499200}.Release|Any CPU.Build.0 = Release|Any CPU
		{A50F655B-24D4-40CC-BD12-2BB2D23F54A9}.Debug|Any CPU.ActiveCfg = Debug|Any CPU
		{A50F655B-24D4-40CC-BD12-2BB2D23F54A9}.Debug|Any CPU.Build.0 = Debug|Any CPU
		{A50F655B-24D4-40CC-BD12-2BB2D23F54A9}.Release|Any CPU.ActiveCfg = Release|Any CPU
		{A50F655B-24D4-40CC-BD12-2BB2D23F54A9}.Release|Any CPU.Build.0 = Release|Any CPU
		{ED8B7214-9B3D-41AD-B775-54DDAB6B27D7}.Debug|Any CPU.ActiveCfg = Debug|Any CPU
		{ED8B7214-9B3D-41AD-B775-54DDAB6B27D7}.Debug|Any CPU.Build.0 = Debug|Any CPU
		{ED8B7214-9B3D-41AD-B775-54DDAB6B27D7}.Release|Any CPU.ActiveCfg = Release|Any CPU
		{ED8B7214-9B3D-41AD-B775-54DDAB6B27D7}.Release|Any CPU.Build.0 = Release|Any CPU
		{D6233B76-E0D1-4A1C-A832-BAC9CCCEEBB9}.Debug|Any CPU.ActiveCfg = Debug|Any CPU
		{D6233B76-E0D1-4A1C-A832-BAC9CCCEEBB9}.Debug|Any CPU.Build.0 = Debug|Any CPU
		{D6233B76-E0D1-4A1C-A832-BAC9CCCEEBB9}.Release|Any CPU.ActiveCfg = Release|Any CPU
		{D6233B76-E0D1-4A1C-A832-BAC9CCCEEBB9}.Release|Any CPU.Build.0 = Release|Any CPU
		{1A4C4C90-D6BB-4AFE-A9FF-73A989ED6AB7}.Debug|Any CPU.ActiveCfg = Debug|Any CPU
		{1A4C4C90-D6BB-4AFE-A9FF-73A989ED6AB7}.Debug|Any CPU.Build.0 = Debug|Any CPU
		{1A4C4C90-D6BB-4AFE-A9FF-73A989ED6AB7}.Release|Any CPU.ActiveCfg = Release|Any CPU
		{1A4C4C90-D6BB-4AFE-A9FF-73A989ED6AB7}.Release|Any CPU.Build.0 = Release|Any CPU
		{265764BC-0217-4710-B7BE-0B74CC974C33}.Debug|Any CPU.ActiveCfg = Debug|Any CPU
		{265764BC-0217-4710-B7BE-0B74CC974C33}.Debug|Any CPU.Build.0 = Debug|Any CPU
		{265764BC-0217-4710-B7BE-0B74CC974C33}.Release|Any CPU.ActiveCfg = Release|Any CPU
		{265764BC-0217-4710-B7BE-0B74CC974C33}.Release|Any CPU.Build.0 = Release|Any CPU
		{D660CB58-A8D6-462E-B6B3-1E84F1F12C38}.Debug|Any CPU.ActiveCfg = Debug|Any CPU
		{D660CB58-A8D6-462E-B6B3-1E84F1F12C38}.Debug|Any CPU.Build.0 = Debug|Any CPU
		{D660CB58-A8D6-462E-B6B3-1E84F1F12C38}.Release|Any CPU.ActiveCfg = Release|Any CPU
		{D660CB58-A8D6-462E-B6B3-1E84F1F12C38}.Release|Any CPU.Build.0 = Release|Any CPU
	EndGlobalSection
	GlobalSection(SolutionProperties) = preSolution
		HideSolutionNode = FALSE
	EndGlobalSection
EndGlobal
